
Microsoft Visual Studio Solution File, Format Version 12.00
# Visual Studio Version 17
VisualStudioVersion = 17.1.32328.378
MinimumVisualStudioVersion = 10.0.40219.1
Project("{FAE04EC0-301F-11D3-BF4B-00C04F79EFBC}") = "Entities", "Entities\Entities.csproj", "{5A66C10F-96D3-4B1F-9E6A-BD52EB6F31F8}"
EndProject
Project("{2150E333-8FDC-42A3-9474-1A3956D46DE8}") = "1 - APIS", "1 - APIS", "{ED1F675B-E7B2-4A9A-A574-EFCE387BC09A}"
EndProject
Project("{2150E333-8FDC-42A3-9474-1A3956D46DE8}") = "2 - Domain", "2 - Domain", "{7BCD4F2E-A8DE-4BFD-92C1-D8C0DA0DAEA4}"
EndProject
Project("{2150E333-8FDC-42A3-9474-1A3956D46DE8}") = "3 - Infra", "3 - Infra", "{C9E586E7-16F1-4D0A-8FF4-4835B844F7D2}"
EndProject
Project("{2150E333-8FDC-42A3-9474-1A3956D46DE8}") = "4 - Entities", "4 - Entities", "{4362C5B0-D6C2-4E87-AC9E-C3192ABE4DD7}"
EndProject
Project("{2150E333-8FDC-42A3-9474-1A3956D46DE8}") = "5 - Tests", "5 - Tests", "{341811AC-CFFD-46AB-874E-DBDF3B2FBBFC}"
EndProject
Global
	GlobalSection(SolutionConfigurationPlatforms) = preSolution
		Debug|Any CPU = Debug|Any CPU
		Release|Any CPU = Release|Any CPU
	EndGlobalSection
	GlobalSection(ProjectConfigurationPlatforms) = postSolution
		{5A66C10F-96D3-4B1F-9E6A-BD52EB6F31F8}.Debug|Any CPU.ActiveCfg = Debug|Any CPU
		{5A66C10F-96D3-4B1F-9E6A-BD52EB6F31F8}.Debug|Any CPU.Build.0 = Debug|Any CPU
		{5A66C10F-96D3-4B1F-9E6A-BD52EB6F31F8}.Release|Any CPU.ActiveCfg = Release|Any CPU
		{5A66C10F-96D3-4B1F-9E6A-BD52EB6F31F8}.Release|Any CPU.Build.0 = Release|Any CPU
	EndGlobalSection
	GlobalSection(SolutionProperties) = preSolution
		HideSolutionNode = FALSE
	EndGlobalSection
	GlobalSection(NestedProjects) = preSolution
		{5A66C10F-96D3-4B1F-9E6A-BD52EB6F31F8} = {4362C5B0-D6C2-4E87-AC9E-C3192ABE4DD7}
	EndGlobalSection
	GlobalSection(ExtensibilityGlobals) = postSolution
		SolutionGuid = {B06772C5-D87D-4913-BEBB-05D9BA03E5DC}
	EndGlobalSection
EndGlobal
